
Microsoft Visual Studio Solution File, Format Version 12.00
# Visual Studio Version 17
VisualStudioVersion = 17.5.33414.496
MinimumVisualStudioVersion = 10.0.40219.1
Project("{FAE04EC0-301F-11D3-BF4B-00C04F79EFBC}") = "EjerdoWhile2inclas", "EjerdoWhile2inclas\EjerdoWhile2inclas.csproj", "{61D4D4A9-80D3-4843-8067-4B62986BC161}"
EndProject
Global
	GlobalSection(SolutionConfigurationPlatforms) = preSolution
		Debug|Any CPU = Debug|Any CPU
		Release|Any CPU = Release|Any CPU
	EndGlobalSection
	GlobalSection(ProjectConfigurationPlatforms) = postSolution
		{61D4D4A9-80D3-4843-8067-4B62986BC161}.Debug|Any CPU.ActiveCfg = Debug|Any CPU
		{61D4D4A9-80D3-4843-8067-4B62986BC161}.Debug|Any CPU.Build.0 = Debug|Any CPU
		{61D4D4A9-80D3-4843-8067-4B62986BC161}.Release|Any CPU.ActiveCfg = Release|Any CPU
		{61D4D4A9-80D3-4843-8067-4B62986BC161}.Release|Any CPU.Build.0 = Release|Any CPU
	EndGlobalSection
	GlobalSection(SolutionProperties) = preSolution
		HideSolutionNode = FALSE
	EndGlobalSection
	GlobalSection(ExtensibilityGlobals) = postSolution
		SolutionGuid = {A560495B-55F1-418B-B71F-D745F2D2A8FF}
	EndGlobalSection
EndGlobal
